<Solution>
  <Project Path="async await 原理/async await 原理.csproj" />
  <Project Path="async await/async await.csproj" />
  <Project Path="async1/async1.csproj" />
  <Project Path="CancellationToken1/CancellationToken1.csproj" Id="821ce996-ed02-41d4-8f84-2dad57310d07" />
  <Project Path="WinFormsApp1/WinFormsApp1.csproj" />
</Solution>
